// !$*UTF8*$!
{
	archiveVersion = 1;
	classes = {
	};
	objectVersion = 50;
	objects = {

/* Begin PBXBuildFile section */
		E638C70F22CF11F100647441 /* AppDelegate.swift in Sources */ = {isa = PBXBuildFile; fileRef = E638C70E22CF11F100647441 /* AppDelegate.swift */; };
		E638C71122CF11F100647441 /* ViewController.swift in Sources */ = {isa = PBXBuildFile; fileRef = E638C71022CF11F100647441 /* ViewController.swift */; };
		E638C71422CF11F100647441 /* Main.storyboard in Resources */ = {isa = PBXBuildFile; fileRef = E638C71222CF11F100647441 /* Main.storyboard */; };
		E638C71622CF11F200647441 /* Assets.xcassets in Resources */ = {isa = PBXBuildFile; fileRef = E638C71522CF11F200647441 /* Assets.xcassets */; };
		E638C71922CF11F200647441 /* LaunchScreen.storyboard in Resources */ = {isa = PBXBuildFile; fileRef = E638C71722CF11F200647441 /* LaunchScreen.storyboard */; };
		E638C72422CF11F200647441 /* To_Do_List_With_ArtTests.swift in Sources */ = {isa = PBXBuildFile; fileRef = E638C72322CF11F200647441 /* To_Do_List_With_ArtTests.swift */; };
		E638C72F22CF11F200647441 /* To_Do_List_With_ArtUITests.swift in Sources */ = {isa = PBXBuildFile; fileRef = E638C72E22CF11F200647441 /* To_Do_List_With_ArtUITests.swift */; };
/* End PBXBuildFile section */

/* Begin PBXContainerItemProxy section */
		E638C72022CF11F200647441 /* PBXContainerItemProxy */ = {
			isa = PBXContainerItemProxy;
			containerPortal = E638C70322CF11F100647441 /* Project object */;
			proxyType = 1;
			remoteGlobalIDString = E638C70A22CF11F100647441;
			remoteInfo = "To-Do-List-With-Art";
		};
		E638C72B22CF11F200647441 /* PBXContainerItemProxy */ = {
			isa = PBXContainerItemProxy;
			containerPortal = E638C70322CF11F100647441 /* Project object */;
			proxyType = 1;
			remoteGlobalIDString = E638C70A22CF11F100647441;
			remoteInfo = "To-Do-List-With-Art";
		};
/* End PBXContainerItemProxy section */

/* Begin PBXFileReference section */
		E638C70B22CF11F100647441 /* To-Do-List-With-Art.app */ = {isa = PBXFileReference; explicitFileType = wrapper.application; includeInIndex = 0; path = "To-Do-List-With-Art.app"; sourceTree = BUILT_PRODUCTS_DIR; };
		E638C70E22CF11F100647441 /* AppDelegate.swift */ = {isa = PBXFileReference; lastKnownFileType = sourcecode.swift; name = AppDelegate.swift; path = ../AppDelegate.swift; sourceTree = "<group>"; };
		E638C71022CF11F100647441 /* ViewController.swift */ = {isa = PBXFileReference; lastKnownFileType = sourcecode.swift; path = ViewController.swift; sourceTree = "<group>"; };
		E638C71322CF11F100647441 /* Base */ = {isa = PBXFileReference; lastKnownFileType = file.storyboard; name = Base; path = Base.lproj/Main.storyboard; sourceTree = "<group>"; };
		E638C71522CF11F200647441 /* Assets.xcassets */ = {isa = PBXFileReference; lastKnownFileType = folder.assetcatalog; path = Assets.xcassets; sourceTree = "<group>"; };
		E638C71822CF11F200647441 /* Base */ = {isa = PBXFileReference; lastKnownFileType = file.storyboard; name = Base; path = Base.lproj/LaunchScreen.storyboard; sourceTree = "<group>"; };
		E638C71A22CF11F200647441 /* Info.plist */ = {isa = PBXFileReference; lastKnownFileType = text.plist.xml; path = Info.plist; sourceTree = "<group>"; };
		E638C71F22CF11F200647441 /* To-Do-List-With-ArtTests.xctest */ = {isa = PBXFileReference; explicitFileType = wrapper.cfbundle; includeInIndex = 0; path = "To-Do-List-With-ArtTests.xctest"; sourceTree = BUILT_PRODUCTS_DIR; };
		E638C72322CF11F200647441 /* To_Do_List_With_ArtTests.swift */ = {isa = PBXFileReference; lastKnownFileType = sourcecode.swift; path = To_Do_List_With_ArtTests.swift; sourceTree = "<group>"; };
		E638C72522CF11F200647441 /* Info.plist */ = {isa = PBXFileReference; lastKnownFileType = text.plist.xml; path = Info.plist; sourceTree = "<group>"; };
		E638C72A22CF11F200647441 /* To-Do-List-With-ArtUITests.xctest */ = {isa = PBXFileReference; explicitFileType = wrapper.cfbundle; includeInIndex = 0; path = "To-Do-List-With-ArtUITests.xctest"; sourceTree = BUILT_PRODUCTS_DIR; };
		E638C72E22CF11F200647441 /* To_Do_List_With_ArtUITests.swift */ = {isa = PBXFileReference; lastKnownFileType = sourcecode.swift; path = To_Do_List_With_ArtUITests.swift; sourceTree = "<group>"; };
		E638C73022CF11F200647441 /* Info.plist */ = {isa = PBXFileReference; lastKnownFileType = text.plist.xml; path = Info.plist; sourceTree = "<group>"; };
/* End PBXFileReference section */

/* Begin PBXFrameworksBuildPhase section */
		E638C70822CF11F100647441 /* Frameworks */ = {
			isa = PBXFrameworksBuildPhase;
			buildActionMask = 2147483647;
			files = (
			);
			runOnlyForDeploymentPostprocessing = 0;
		};
		E638C71C22CF11F200647441 /* Frameworks */ = {
			isa = PBXFrameworksBuildPhase;
			buildActionMask = 2147483647;
			files = (
			);
			runOnlyForDeploymentPostprocessing = 0;
		};
		E638C72722CF11F200647441 /* Frameworks */ = {
			isa = PBXFrameworksBuildPhase;
			buildActionMask = 2147483647;
			files = (
			);
			runOnlyForDeploymentPostprocessing = 0;
		};
/* End PBXFrameworksBuildPhase section */

/* Begin PBXGroup section */
		E638C70222CF11F100647441 = {
			isa = PBXGroup;
			children = (
				E638C70D22CF11F100647441 /* To-Do-List-With-Art */,
				E638C72222CF11F200647441 /* To-Do-List-With-ArtTests */,
				E638C72D22CF11F200647441 /* To-Do-List-With-ArtUITests */,
				E638C70C22CF11F100647441 /* Products */,
			);
			sourceTree = "<group>";
		};
		E638C70C22CF11F100647441 /* Products */ = {
			isa = PBXGroup;
			children = (
				E638C70B22CF11F100647441 /* To-Do-List-With-Art.app */,
				E638C71F22CF11F200647441 /* To-Do-List-With-ArtTests.xctest */,
				E638C72A22CF11F200647441 /* To-Do-List-With-ArtUITests.xctest */,
			);
			name = Products;
			sourceTree = "<group>";
		};
		E638C70D22CF11F100647441 /* To-Do-List-With-Art */ = {
			isa = PBXGroup;
			children = (
				E638C73C22CF15F200647441 /* Supporting Files */,
				E638C71022CF11F100647441 /* ViewController.swift */,
				E638C71222CF11F100647441 /* Main.storyboard */,
				E638C71A22CF11F200647441 /* Info.plist */,
			);
			path = "To-Do-List-With-Art";
			sourceTree = "<group>";
		};
		E638C72222CF11F200647441 /* To-Do-List-With-ArtTests */ = {
			isa = PBXGroup;
			children = (
				E638C72322CF11F200647441 /* To_Do_List_With_ArtTests.swift */,
				E638C72522CF11F200647441 /* Info.plist */,
			);
			path = "To-Do-List-With-ArtTests";
			sourceTree = "<group>";
		};
		E638C72D22CF11F200647441 /* To-Do-List-With-ArtUITests */ = {
			isa = PBXGroup;
			children = (
				E638C72E22CF11F200647441 /* To_Do_List_With_ArtUITests.swift */,
				E638C73022CF11F200647441 /* Info.plist */,
			);
			path = "To-Do-List-With-ArtUITests";
			sourceTree = "<group>";
		};
		E638C73C22CF15F200647441 /* Supporting Files */ = {
			isa = PBXGroup;
			children = (
				E638C70E22CF11F100647441 /* AppDelegate.swift */,
				E638C71522CF11F200647441 /* Assets.xcassets */,
				E638C71722CF11F200647441 /* LaunchScreen.storyboard */,
			);
			path = "Supporting Files";
			sourceTree = "<group>";
		};
/* End PBXGroup section */

/* Begin PBXNativeTarget section */
		E638C70A22CF11F100647441 /* To-Do-List-With-Art */ = {
			isa = PBXNativeTarget;
			buildConfigurationList = E638C73322CF11F200647441 /* Build configuration list for PBXNativeTarget "To-Do-List-With-Art" */;
			buildPhases = (
				E638C70722CF11F100647441 /* Sources */,
				E638C70822CF11F100647441 /* Frameworks */,
				E638C70922CF11F100647441 /* Resources */,
			);
			buildRules = (
			);
			dependencies = (
			);
			name = "To-Do-List-With-Art";
			productName = "To-Do-List-With-Art";
			productReference = E638C70B22CF11F100647441 /* To-Do-List-With-Art.app */;
			productType = "com.apple.product-type.application";
		};
		E638C71E22CF11F200647441 /* To-Do-List-With-ArtTests */ = {
			isa = PBXNativeTarget;
			buildConfigurationList = E638C73622CF11F200647441 /* Build configuration list for PBXNativeTarget "To-Do-List-With-ArtTests" */;
			buildPhases = (
				E638C71B22CF11F200647441 /* Sources */,
				E638C71C22CF11F200647441 /* Frameworks */,
				E638C71D22CF11F200647441 /* Resources */,
			);
			buildRules = (
			);
			dependencies = (
				E638C72122CF11F200647441 /* PBXTargetDependency */,
			);
			name = "To-Do-List-With-ArtTests";
			productName = "To-Do-List-With-ArtTests";
			productReference = E638C71F22CF11F200647441 /* To-Do-List-With-ArtTests.xctest */;
			productType = "com.apple.product-type.bundle.unit-test";
		};
		E638C72922CF11F200647441 /* To-Do-List-With-ArtUITests */ = {
			isa = PBXNativeTarget;
			buildConfigurationList = E638C73922CF11F200647441 /* Build configuration list for PBXNativeTarget "To-Do-List-With-ArtUITests" */;
			buildPhases = (
				E638C72622CF11F200647441 /* Sources */,
				E638C72722CF11F200647441 /* Frameworks */,
				E638C72822CF11F200647441 /* Resources */,
			);
			buildRules = (
			);
			dependencies = (
				E638C72C22CF11F200647441 /* PBXTargetDependency */,
			);
			name = "To-Do-List-With-ArtUITests";
			productName = "To-Do-List-With-ArtUITests";
			productReference = E638C72A22CF11F200647441 /* To-Do-List-With-ArtUITests.xctest */;
			productType = "com.apple.product-type.bundle.ui-testing";
		};
/* End PBXNativeTarget section */

/* Begin PBXProject section */
		E638C70322CF11F100647441 /* Project object */ = {
			isa = PBXProject;
			attributes = {
				LastSwiftUpdateCheck = 1020;
				LastUpgradeCheck = 1020;
				ORGANIZATIONNAME = "Kristy Lee";
				TargetAttributes = {
					E638C70A22CF11F100647441 = {
						CreatedOnToolsVersion = 10.2.1;
					};
					E638C71E22CF11F200647441 = {
						CreatedOnToolsVersion = 10.2.1;
						TestTargetID = E638C70A22CF11F100647441;
					};
					E638C72922CF11F200647441 = {
						CreatedOnToolsVersion = 10.2.1;
						TestTargetID = E638C70A22CF11F100647441;
					};
				};
			};
			buildConfigurationList = E638C70622CF11F100647441 /* Build configuration list for PBXProject "To-Do-List-With-Art" */;
			compatibilityVersion = "Xcode 9.3";
			developmentRegion = en;
			hasScannedForEncodings = 0;
			knownRegions = (
				en,
				Base,
			);
			mainGroup = E638C70222CF11F100647441;
			productRefGroup = E638C70C22CF11F100647441 /* Products */;
			projectDirPath = "";
			projectRoot = "";
			targets = (
				E638C70A22CF11F100647441 /* To-Do-List-With-Art */,
				E638C71E22CF11F200647441 /* To-Do-List-With-ArtTests */,
				E638C72922CF11F200647441 /* To-Do-List-With-ArtUITests */,
			);
		};
/* End PBXProject section */

/* Begin PBXResourcesBuildPhase section */
		E638C70922CF11F100647441 /* Resources */ = {
			isa = PBXResourcesBuildPhase;
			buildActionMask = 2147483647;
			files = (
				E638C71922CF11F200647441 /* LaunchScreen.storyboard in Resources */,
				E638C71622CF11F200647441 /* Assets.xcassets in Resources */,
				E638C71422CF11F100647441 /* Main.storyboard in Resources */,
			);
			runOnlyForDeploymentPostprocessing = 0;
		};
		E638C71D22CF11F200647441 /* Resources */ = {
			isa = PBXResourcesBuildPhase;
			buildActionMask = 2147483647;
			files = (
			);
			runOnlyForDeploymentPostprocessing = 0;
		};
		E638C72822CF11F200647441 /* Resources */ = {
			isa = PBXResourcesBuildPhase;
			buildActionMask = 2147483647;
			files = (
			);
			runOnlyForDeploymentPostprocessing = 0;
		};
/* End PBXResourcesBuildPhase section */

/* Begin PBXSourcesBuildPhase section */
		E638C70722CF11F100647441 /* Sources */ = {
			isa = PBXSourcesBuildPhase;
			buildActionMask = 2147483647;
			files = (
				E638C71122CF11F100647441 /* ViewController.swift in Sources */,
				E638C70F22CF11F100647441 /* AppDelegate.swift in Sources */,
			);
			runOnlyForDeploymentPostprocessing = 0;
		};
		E638C71B22CF11F200647441 /* Sources */ = {
			isa = PBXSourcesBuildPhase;
			buildActionMask = 2147483647;
			files = (
				E638C72422CF11F200647441 /* To_Do_List_With_ArtTests.swift in Sources */,
			);
			runOnlyForDeploymentPostprocessing = 0;
		};
		E638C72622CF11F200647441 /* Sources */ = {
			isa = PBXSourcesBuildPhase;
			buildActionMask = 2147483647;
			files = (
				E638C72F22CF11F200647441 /* To_Do_List_With_ArtUITests.swift in Sources */,
			);
			runOnlyForDeploymentPostprocessing = 0;
		};
/* End PBXSourcesBuildPhase section */

/* Begin PBXTargetDependency section */
		E638C72122CF11F200647441 /* PBXTargetDependency */ = {
			isa = PBXTargetDependency;
			target = E638C70A22CF11F100647441 /* To-Do-List-With-Art */;
			targetProxy = E638C72022CF11F200647441 /* PBXContainerItemProxy */;
		};
		E638C72C22CF11F200647441 /* PBXTargetDependency */ = {
			isa = PBXTargetDependency;
			target = E638C70A22CF11F100647441 /* To-Do-List-With-Art */;
			targetProxy = E638C72B22CF11F200647441 /* PBXContainerItemProxy */;
		};
/* End PBXTargetDependency section */

/* Begin PBXVariantGroup section */
		E638C71222CF11F100647441 /* Main.storyboard */ = {
			isa = PBXVariantGroup;
			children = (
				E638C71322CF11F100647441 /* Base */,
			);
			name = Main.storyboard;
			sourceTree = "<group>";
		};
		E638C71722CF11F200647441 /* LaunchScreen.storyboard */ = {
			isa = PBXVariantGroup;
			children = (
				E638C71822CF11F200647441 /* Base */,
			);
			name = LaunchScreen.storyboard;
			sourceTree = "<group>";
		};
/* End PBXVariantGroup section */

/* Begin XCBuildConfiguration section */
		E638C73122CF11F200647441 /* Debug */ = {
			isa = XCBuildConfiguration;
			buildSettings = {
				ALWAYS_SEARCH_USER_PATHS = NO;
				CLANG_ANALYZER_NONNULL = YES;
				CLANG_ANALYZER_NUMBER_OBJECT_CONVERSION = YES_AGGRESSIVE;
				CLANG_CXX_LANGUAGE_STANDARD = "gnu++14";
				CLANG_CXX_LIBRARY = "libc++";
				CLANG_ENABLE_MODULES = YES;
				CLANG_ENABLE_OBJC_ARC = YES;
				CLANG_ENABLE_OBJC_WEAK = YES;
				CLANG_WARN_BLOCK_CAPTURE_AUTORELEASING = YES;
				CLANG_WARN_BOOL_CONVERSION = YES;
				CLANG_WARN_COMMA = YES;
				CLANG_WARN_CONSTANT_CONVERSION = YES;
				CLANG_WARN_DEPRECATED_OBJC_IMPLEMENTATIONS = YES;
				CLANG_WARN_DIRECT_OBJC_ISA_USAGE = YES_ERROR;
				CLANG_WARN_DOCUMENTATION_COMMENTS = YES;
				CLANG_WARN_EMPTY_BODY = YES;
				CLANG_WARN_ENUM_CONVERSION = YES;
				CLANG_WARN_INFINITE_RECURSION = YES;
				CLANG_WARN_INT_CONVERSION = YES;
				CLANG_WARN_NON_LITERAL_NULL_CONVERSION = YES;
				CLANG_WARN_OBJC_IMPLICIT_RETAIN_SELF = YES;
				CLANG_WARN_OBJC_LITERAL_CONVERSION = YES;
				CLANG_WARN_OBJC_ROOT_CLASS = YES_ERROR;
				CLANG_WARN_RANGE_LOOP_ANALYSIS = YES;
				CLANG_WARN_STRICT_PROTOTYPES = YES;
				CLANG_WARN_SUSPICIOUS_MOVE = YES;
				CLANG_WARN_UNGUARDED_AVAILABILITY = YES_AGGRESSIVE;
				CLANG_WARN_UNREACHABLE_CODE = YES;
				CLANG_WARN__DUPLICATE_METHOD_MATCH = YES;
				CODE_SIGN_IDENTITY = "iPhone Developer";
				COPY_PHASE_STRIP = NO;
				DEBUG_INFORMATION_FORMAT = dwarf;
				ENABLE_STRICT_OBJC_MSGSEND = YES;
				ENABLE_TESTABILITY = YES;
				GCC_C_LANGUAGE_STANDARD = gnu11;
				GCC_DYNAMIC_NO_PIC = NO;
				GCC_NO_COMMON_BLOCKS = YES;
				GCC_OPTIMIZATION_LEVEL = 0;
				GCC_PREPROCESSOR_DEFINITIONS = (
					"DEBUG=1",
					"$(inherited)",
				);
				GCC_WARN_64_TO_32_BIT_CONVERSION = YES;
				GCC_WARN_ABOUT_RETURN_TYPE = YES_ERROR;
				GCC_WARN_UNDECLARED_SELECTOR = YES;
				GCC_WARN_UNINITIALIZED_AUTOS = YES_AGGRESSIVE;
				GCC_WARN_UNUSED_FUNCTION = YES;
				GCC_WARN_UNUSED_VARIABLE = YES;
				IPHONEOS_DEPLOYMENT_TARGET = 12.2;
				MTL_ENABLE_DEBUG_INFO = INCLUDE_SOURCE;
				MTL_FAST_MATH = YES;
				ONLY_ACTIVE_ARCH = YES;
				SDKROOT = iphoneos;
				SWIFT_ACTIVE_COMPILATION_CONDITIONS = DEBUG;
				SWIFT_OPTIMIZATION_LEVEL = "-Onone";
			};
			name = Debug;
		};
		E638C73222CF11F200647441 /* Release */ = {
			isa = XCBuildConfiguration;
			buildSettings = {
				ALWAYS_SEARCH_USER_PATHS = NO;
				CLANG_ANALYZER_NONNULL = YES;
				CLANG_ANALYZER_NUMBER_OBJECT_CONVERSION = YES_AGGRESSIVE;
				CLANG_CXX_LANGUAGE_STANDARD = "gnu++14";
				CLANG_CXX_LIBRARY = "libc++";
				CLANG_ENABLE_MODULES = YES;
				CLANG_ENABLE_OBJC_ARC = YES;
				CLANG_ENABLE_OBJC_WEAK = YES;
				CLANG_WARN_BLOCK_CAPTURE_AUTORELEASING = YES;
				CLANG_WARN_BOOL_CONVERSION = YES;
				CLANG_WARN_COMMA = YES;
				CLANG_WARN_CONSTANT_CONVERSION = YES;
				CLANG_WARN_DEPRECATED_OBJC_IMPLEMENTATIONS = YES;
				CLANG_WARN_DIRECT_OBJC_ISA_USAGE = YES_ERROR;
				CLANG_WARN_DOCUMENTATION_COMMENTS = YES;
				CLANG_WARN_EMPTY_BODY = YES;
				CLANG_WARN_ENUM_CONVERSION = YES;
				CLANG_WARN_INFINITE_RECURSION = YES;
				CLANG_WARN_INT_CONVERSION = YES;
				CLANG_WARN_NON_LITERAL_NULL_CONVERSION = YES;
				CLANG_WARN_OBJC_IMPLICIT_RETAIN_SELF = YES;
				CLANG_WARN_OBJC_LITERAL_CONVERSION = YES;
				CLANG_WARN_OBJC_ROOT_CLASS = YES_ERROR;
				CLANG_WARN_RANGE_LOOP_ANALYSIS = YES;
				CLANG_WARN_STRICT_PROTOTYPES = YES;
				CLANG_WARN_SUSPICIOUS_MOVE = YES;
				CLANG_WARN_UNGUARDED_AVAILABILITY = YES_AGGRESSIVE;
				CLANG_WARN_UNREACHABLE_CODE = YES;
				CLANG_WARN__DUPLICATE_METHOD_MATCH = YES;
				CODE_SIGN_IDENTITY = "iPhone Developer";
				COPY_PHASE_STRIP = NO;
				DEBUG_INFORMATION_FORMAT = "dwarf-with-dsym";
				ENABLE_NS_ASSERTIONS = NO;
				ENABLE_STRICT_OBJC_MSGSEND = YES;
				GCC_C_LANGUAGE_STANDARD = gnu11;
				GCC_NO_COMMON_BLOCKS = YES;
				GCC_WARN_64_TO_32_BIT_CONVERSION = YES;
				GCC_WARN_ABOUT_RETURN_TYPE = YES_ERROR;
				GCC_WARN_UNDECLARED_SELECTOR = YES;
				GCC_WARN_UNINITIALIZED_AUTOS = YES_AGGRESSIVE;
				GCC_WARN_UNUSED_FUNCTION = YES;
				GCC_WARN_UNUSED_VARIABLE = YES;
				IPHONEOS_DEPLOYMENT_TARGET = 12.2;
				MTL_ENABLE_DEBUG_INFO = NO;
				MTL_FAST_MATH = YES;
				SDKROOT = iphoneos;
				SWIFT_COMPILATION_MODE = wholemodule;
				SWIFT_OPTIMIZATION_LEVEL = "-O";
				VALIDATE_PRODUCT = YES;
			};
			name = Release;
		};
		E638C73422CF11F200647441 /* Debug */ = {
			isa = XCBuildConfiguration;
			buildSettings = {
				ASSETCATALOG_COMPILER_APPICON_NAME = AppIcon;
				CODE_SIGN_STYLE = Automatic;
				INFOPLIST_FILE = "To-Do-List-With-Art/Info.plist";
				LD_RUNPATH_SEARCH_PATHS = (
					"$(inherited)",
					"@executable_path/Frameworks",
				);
				PRODUCT_BUNDLE_IDENTIFIER = "KristyLee.To-Do-List-With-Art";
				PRODUCT_NAME = "$(TARGET_NAME)";
				SWIFT_VERSION = 5.0;
				TARGETED_DEVICE_FAMILY = "1,2";
			};
			name = Debug;
		};
		E638C73522CF11F200647441 /* Release */ = {
			isa = XCBuildConfiguration;
			buildSettings = {
				ASSETCATALOG_COMPILER_APPICON_NAME = AppIcon;
				CODE_SIGN_STYLE = Automatic;
				INFOPLIST_FILE = "To-Do-List-With-Art/Info.plist";
				LD_RUNPATH_SEARCH_PATHS = (
					"$(inherited)",
					"@executable_path/Frameworks",
				);
				PRODUCT_BUNDLE_IDENTIFIER = "KristyLee.To-Do-List-With-Art";
				PRODUCT_NAME = "$(TARGET_NAME)";
				SWIFT_VERSION = 5.0;
				TARGETED_DEVICE_FAMILY = "1,2";
			};
			name = Release;
		};
		E638C73722CF11F200647441 /* Debug */ = {
			isa = XCBuildConfiguration;
			buildSettings = {
				ALWAYS_EMBED_SWIFT_STANDARD_LIBRARIES = YES;
				BUNDLE_LOADER = "$(TEST_HOST)";
				CODE_SIGN_STYLE = Automatic;
				INFOPLIST_FILE = "To-Do-List-With-ArtTests/Info.plist";
				LD_RUNPATH_SEARCH_PATHS = (
					"$(inherited)",
					"@executable_path/Frameworks",
					"@loader_path/Frameworks",
				);
				PRODUCT_BUNDLE_IDENTIFIER = "KristyLee.To-Do-List-With-ArtTests";
				PRODUCT_NAME = "$(TARGET_NAME)";
				SWIFT_VERSION = 5.0;
				TARGETED_DEVICE_FAMILY = "1,2";
				TEST_HOST = "$(BUILT_PRODUCTS_DIR)/To-Do-List-With-Art.app/To-Do-List-With-Art";
			};
			name = Debug;
		};
		E638C73822CF11F200647441 /* Release */ = {
			isa = XCBuildConfiguration;
			buildSettings = {
				ALWAYS_EMBED_SWIFT_STANDARD_LIBRARIES = YES;
				BUNDLE_LOADER = "$(TEST_HOST)";
				CODE_SIGN_STYLE = Automatic;
				INFOPLIST_FILE = "To-Do-List-With-ArtTests/Info.plist";
				LD_RUNPATH_SEARCH_PATHS = (
					"$(inherited)",
					"@executable_path/Frameworks",
					"@loader_path/Frameworks",
				);
				PRODUCT_BUNDLE_IDENTIFIER = "KristyLee.To-Do-List-With-ArtTests";
				PRODUCT_NAME = "$(TARGET_NAME)";
				SWIFT_VERSION = 5.0;
				TARGETED_DEVICE_FAMILY = "1,2";
				TEST_HOST = "$(BUILT_PRODUCTS_DIR)/To-Do-List-With-Art.app/To-Do-List-With-Art";
			};
			name = Release;
		};
		E638C73A22CF11F200647441 /* Debug */ = {
			isa = XCBuildConfiguration;
			buildSettings = {
				ALWAYS_EMBED_SWIFT_STANDARD_LIBRARIES = YES;
				CODE_SIGN_STYLE = Automatic;
				INFOPLIST_FILE = "To-Do-List-With-ArtUITests/Info.plist";
				LD_RUNPATH_SEARCH_PATHS = (
					"$(inherited)",
					"@executable_path/Frameworks",
					"@loader_path/Frameworks",
				);
				PRODUCT_BUNDLE_IDENTIFIER = "KristyLee.To-Do-List-With-ArtUITests";
				PRODUCT_NAME = "$(TARGET_NAME)";
				SWIFT_VERSION = 5.0;
				TARGETED_DEVICE_FAMILY = "1,2";
				TEST_TARGET_NAME = "To-Do-List-With-Art";
			};
			name = Debug;
		};
		E638C73B22CF11F200647441 /* Release */ = {
			isa = XCBuildConfiguration;
			buildSettings = {
				ALWAYS_EMBED_SWIFT_STANDARD_LIBRARIES = YES;
				CODE_SIGN_STYLE = Automatic;
				INFOPLIST_FILE = "To-Do-List-With-ArtUITests/Info.plist";
				LD_RUNPATH_SEARCH_PATHS = (
					"$(inherited)",
					"@executable_path/Frameworks",
					"@loader_path/Frameworks",
				);
				PRODUCT_BUNDLE_IDENTIFIER = "KristyLee.To-Do-List-With-ArtUITests";
				PRODUCT_NAME = "$(TARGET_NAME)";
				SWIFT_VERSION = 5.0;
				TARGETED_DEVICE_FAMILY = "1,2";
				TEST_TARGET_NAME = "To-Do-List-With-Art";
			};
			name = Release;
		};
/* End XCBuildConfiguration section */

/* Begin XCConfigurationList section */
		E638C70622CF11F100647441 /* Build configuration list for PBXProject "To-Do-List-With-Art" */ = {
			isa = XCConfigurationList;
			buildConfigurations = (
				E638C73122CF11F200647441 /* Debug */,
				E638C73222CF11F200647441 /* Release */,
			);
			defaultConfigurationIsVisible = 0;
			defaultConfigurationName = Release;
		};
		E638C73322CF11F200647441 /* Build configuration list for PBXNativeTarget "To-Do-List-With-Art" */ = {
			isa = XCConfigurationList;
			buildConfigurations = (
				E638C73422CF11F200647441 /* Debug */,
				E638C73522CF11F200647441 /* Release */,
			);
			defaultConfigurationIsVisible = 0;
			defaultConfigurationName = Release;
		};
		E638C73622CF11F200647441 /* Build configuration list for PBXNativeTarget "To-Do-List-With-ArtTests" */ = {
			isa = XCConfigurationList;
			buildConfigurations = (
				E638C73722CF11F200647441 /* Debug */,
				E638C73822CF11F200647441 /* Release */,
			);
			defaultConfigurationIsVisible = 0;
			defaultConfigurationName = Release;
		};
		E638C73922CF11F200647441 /* Build configuration list for PBXNativeTarget "To-Do-List-With-ArtUITests" */ = {
			isa = XCConfigurationList;
			buildConfigurations = (
				E638C73A22CF11F200647441 /* Debug */,
				E638C73B22CF11F200647441 /* Release */,
			);
			defaultConfigurationIsVisible = 0;
			defaultConfigurationName = Release;
		};
/* End XCConfigurationList section */
	};
	rootObject = E638C70322CF11F100647441 /* Project object */;
}
